// !$*UTF8*$!
{
	archiveVersion = 1;
	classes = {
	};
	objectVersion = 50;
	objects = {

/* Begin PBXBuildFile section */
		BD160B6E25D1139900CC3D5F /* ListHeaderTVCell.swift in Sources */ = {isa = PBXBuildFile; fileRef = BD160B6C25D1139900CC3D5F /* ListHeaderTVCell.swift */; };
		BD160B6F25D1139900CC3D5F /* ListHeaderTVCell.xib in Resources */ = {isa = PBXBuildFile; fileRef = BD160B6D25D1139900CC3D5F /* ListHeaderTVCell.xib */; };
		BD160B7525D116A500CC3D5F /* ListTVCell.swift in Sources */ = {isa = PBXBuildFile; fileRef = BD160B7325D116A500CC3D5F /* ListTVCell.swift */; };
		BD160B7625D116A500CC3D5F /* ListTVCell.xib in Resources */ = {isa = PBXBuildFile; fileRef = BD160B7425D116A500CC3D5F /* ListTVCell.xib */; };
		BD160B8625D1177700CC3D5F /* ViewExtensions.swift in Sources */ = {isa = PBXBuildFile; fileRef = BD160B8525D1177700CC3D5F /* ViewExtensions.swift */; };
		BD8F8E4725D10FF500FAB218 /* AppDelegate.swift in Sources */ = {isa = PBXBuildFile; fileRef = BD8F8E4625D10FF500FAB218 /* AppDelegate.swift */; };
		BD8F8E4925D10FF500FAB218 /* SceneDelegate.swift in Sources */ = {isa = PBXBuildFile; fileRef = BD8F8E4825D10FF500FAB218 /* SceneDelegate.swift */; };
		BD8F8E4E25D10FF500FAB218 /* Main.storyboard in Resources */ = {isa = PBXBuildFile; fileRef = BD8F8E4C25D10FF500FAB218 /* Main.storyboard */; };
		BD8F8E5025D10FF600FAB218 /* Assets.xcassets in Resources */ = {isa = PBXBuildFile; fileRef = BD8F8E4F25D10FF600FAB218 /* Assets.xcassets */; };
		BD8F8E5325D10FF600FAB218 /* LaunchScreen.storyboard in Resources */ = {isa = PBXBuildFile; fileRef = BD8F8E5125D10FF600FAB218 /* LaunchScreen.storyboard */; };
		BD8F8E6B25D1130D00FAB218 /* ListTableViewVC.swift in Sources */ = {isa = PBXBuildFile; fileRef = BD8F8E6A25D1130D00FAB218 /* ListTableViewVC.swift */; };
		BDE990C525D13B41005E7DC7 /* Contents.json in Resources */ = {isa = PBXBuildFile; fileRef = BDE990C425D13B41005E7DC7 /* Contents.json */; };
		BDE990C825D13BA8005E7DC7 /* JsonManager.swift in Sources */ = {isa = PBXBuildFile; fileRef = BDE990C725D13BA8005E7DC7 /* JsonManager.swift */; };
		BDE990CB25D13C39005E7DC7 /* ContentsModel.swift in Sources */ = {isa = PBXBuildFile; fileRef = BDE990CA25D13C39005E7DC7 /* ContentsModel.swift */; };
/* End PBXBuildFile section */

/* Begin PBXFileReference section */
		BD160B6C25D1139900CC3D5F /* ListHeaderTVCell.swift */ = {isa = PBXFileReference; lastKnownFileType = sourcecode.swift; path = ListHeaderTVCell.swift; sourceTree = "<group>"; };
		BD160B6D25D1139900CC3D5F /* ListHeaderTVCell.xib */ = {isa = PBXFileReference; lastKnownFileType = file.xib; path = ListHeaderTVCell.xib; sourceTree = "<group>"; };
		BD160B7325D116A500CC3D5F /* ListTVCell.swift */ = {isa = PBXFileReference; lastKnownFileType = sourcecode.swift; path = ListTVCell.swift; sourceTree = "<group>"; };
		BD160B7425D116A500CC3D5F /* ListTVCell.xib */ = {isa = PBXFileReference; lastKnownFileType = file.xib; path = ListTVCell.xib; sourceTree = "<group>"; };
		BD160B8525D1177700CC3D5F /* ViewExtensions.swift */ = {isa = PBXFileReference; lastKnownFileType = sourcecode.swift; path = ViewExtensions.swift; sourceTree = "<group>"; };
		BD8F8E4325D10FF500FAB218 /* HeaderTableView.app */ = {isa = PBXFileReference; explicitFileType = wrapper.application; includeInIndex = 0; path = HeaderTableView.app; sourceTree = BUILT_PRODUCTS_DIR; };
		BD8F8E4625D10FF500FAB218 /* AppDelegate.swift */ = {isa = PBXFileReference; lastKnownFileType = sourcecode.swift; path = AppDelegate.swift; sourceTree = "<group>"; };
		BD8F8E4825D10FF500FAB218 /* SceneDelegate.swift */ = {isa = PBXFileReference; lastKnownFileType = sourcecode.swift; path = SceneDelegate.swift; sourceTree = "<group>"; };
		BD8F8E4D25D10FF500FAB218 /* Base */ = {isa = PBXFileReference; lastKnownFileType = file.storyboard; name = Base; path = Base.lproj/Main.storyboard; sourceTree = "<group>"; };
		BD8F8E4F25D10FF600FAB218 /* Assets.xcassets */ = {isa = PBXFileReference; lastKnownFileType = folder.assetcatalog; path = Assets.xcassets; sourceTree = "<group>"; };
		BD8F8E5225D10FF600FAB218 /* Base */ = {isa = PBXFileReference; lastKnownFileType = file.storyboard; name = Base; path = Base.lproj/LaunchScreen.storyboard; sourceTree = "<group>"; };
		BD8F8E5425D10FF600FAB218 /* Info.plist */ = {isa = PBXFileReference; lastKnownFileType = text.plist.xml; path = Info.plist; sourceTree = "<group>"; };
		BD8F8E6A25D1130D00FAB218 /* ListTableViewVC.swift */ = {isa = PBXFileReference; lastKnownFileType = sourcecode.swift; path = ListTableViewVC.swift; sourceTree = "<group>"; };
		BDE990C425D13B41005E7DC7 /* Contents.json */ = {isa = PBXFileReference; lastKnownFileType = text.json; path = Contents.json; sourceTree = "<group>"; };
		BDE990C725D13BA8005E7DC7 /* JsonManager.swift */ = {isa = PBXFileReference; lastKnownFileType = sourcecode.swift; path = JsonManager.swift; sourceTree = "<group>"; };
		BDE990CA25D13C39005E7DC7 /* ContentsModel.swift */ = {isa = PBXFileReference; lastKnownFileType = sourcecode.swift; path = ContentsModel.swift; sourceTree = "<group>"; };
/* End PBXFileReference section */

/* Begin PBXFrameworksBuildPhase section */
		BD8F8E4025D10FF500FAB218 /* Frameworks */ = {
			isa = PBXFrameworksBuildPhase;
			buildActionMask = 2147483647;
			files = (
			);
			runOnlyForDeploymentPostprocessing = 0;
		};
/* End PBXFrameworksBuildPhase section */

/* Begin PBXGroup section */
		BD160B7125D1167B00CC3D5F /* HeaderTVCell */ = {
			isa = PBXGroup;
			children = (
				BD160B6C25D1139900CC3D5F /* ListHeaderTVCell.swift */,
				BD160B6D25D1139900CC3D5F /* ListHeaderTVCell.xib */,
			);
			path = HeaderTVCell;
			sourceTree = "<group>";
		};
		BD160B7225D1168D00CC3D5F /* ListTVCell */ = {
			isa = PBXGroup;
			children = (
				BD160B7325D116A500CC3D5F /* ListTVCell.swift */,
				BD160B7425D116A500CC3D5F /* ListTVCell.xib */,
			);
			path = ListTVCell;
			sourceTree = "<group>";
		};
		BD8F8E3A25D10FF500FAB218 = {
			isa = PBXGroup;
			children = (
				BD8F8E4525D10FF500FAB218 /* HeaderTableView */,
				BD8F8E4425D10FF500FAB218 /* Products */,
			);
			sourceTree = "<group>";
		};
		BD8F8E4425D10FF500FAB218 /* Products */ = {
			isa = PBXGroup;
			children = (
				BD8F8E4325D10FF500FAB218 /* HeaderTableView.app */,
			);
			name = Products;
			sourceTree = "<group>";
		};
		BD8F8E4525D10FF500FAB218 /* HeaderTableView */ = {
			isa = PBXGroup;
			children = (
				BD8F8E5F25D1128D00FAB218 /* App */,
				BD8F8E5E25D1128700FAB218 /* Services */,
				BD8F8E5D25D1127900FAB218 /* Support Files */,
				BD8F8E5C25D1127300FAB218 /* Manager */,
				BD8F8E4625D10FF500FAB218 /* AppDelegate.swift */,
				BD8F8E4825D10FF500FAB218 /* SceneDelegate.swift */,
				BD8F8E4F25D10FF600FAB218 /* Assets.xcassets */,
				BD8F8E5125D10FF600FAB218 /* LaunchScreen.storyboard */,
				BD8F8E5425D10FF600FAB218 /* Info.plist */,
			);
			path = HeaderTableView;
			sourceTree = "<group>";
		};
		BD8F8E5C25D1127300FAB218 /* Manager */ = {
			isa = PBXGroup;
			children = (
				BD160B8525D1177700CC3D5F /* ViewExtensions.swift */,
				BDE990C425D13B41005E7DC7 /* Contents.json */,
				BDE990C725D13BA8005E7DC7 /* JsonManager.swift */,
			);
			path = Manager;
			sourceTree = "<group>";
		};
		BD8F8E5D25D1127900FAB218 /* Support Files */ = {
			isa = PBXGroup;
			children = (
			);
			path = "Support Files";
			sourceTree = "<group>";
		};
		BD8F8E5E25D1128700FAB218 /* Services */ = {
			isa = PBXGroup;
			children = (
			);
			path = Services;
			sourceTree = "<group>";
		};
		BD8F8E5F25D1128D00FAB218 /* App */ = {
			isa = PBXGroup;
			children = (
				BD8F8E6325D112B300FAB218 /* Model */,
				BD8F8E6225D112A900FAB218 /* View */,
				BD8F8E6125D112A000FAB218 /* ViewModel */,
				BD8F8E6025D1129A00FAB218 /* Controller */,
			);
			path = App;
			sourceTree = "<group>";
		};
		BD8F8E6025D1129A00FAB218 /* Controller */ = {
			isa = PBXGroup;
			children = (
				BD8F8E6525D112CA00FAB218 /* ListTableView */,
			);
			path = Controller;
			sourceTree = "<group>";
		};
		BD8F8E6125D112A000FAB218 /* ViewModel */ = {
			isa = PBXGroup;
			children = (
			);
			path = ViewModel;
			sourceTree = "<group>";
		};
		BD8F8E6225D112A900FAB218 /* View */ = {
			isa = PBXGroup;
			children = (
				BD8F8E6825D112E700FAB218 /* CVCells */,
				BD8F8E6625D112D900FAB218 /* TVCells */,
				BD8F8E4C25D10FF500FAB218 /* Main.storyboard */,
			);
			path = View;
			sourceTree = "<group>";
		};
		BD8F8E6325D112B300FAB218 /* Model */ = {
			isa = PBXGroup;
			children = (
				BDE990CA25D13C39005E7DC7 /* ContentsModel.swift */,
			);
			path = Model;
			sourceTree = "<group>";
		};
		BD8F8E6525D112CA00FAB218 /* ListTableView */ = {
			isa = PBXGroup;
			children = (
				BD8F8E6A25D1130D00FAB218 /* ListTableViewVC.swift */,
			);
			path = ListTableView;
			sourceTree = "<group>";
		};
		BD8F8E6625D112D900FAB218 /* TVCells */ = {
			isa = PBXGroup;
			children = (
				BD160B7225D1168D00CC3D5F /* ListTVCell */,
				BD160B7125D1167B00CC3D5F /* HeaderTVCell */,
			);
			path = TVCells;
			sourceTree = "<group>";
		};
		BD8F8E6825D112E700FAB218 /* CVCells */ = {
			isa = PBXGroup;
			children = (
			);
			path = CVCells;
			sourceTree = "<group>";
		};
/* End PBXGroup section */

/* Begin PBXNativeTarget section */
		BD8F8E4225D10FF500FAB218 /* HeaderTableView */ = {
			isa = PBXNativeTarget;
			buildConfigurationList = BD8F8E5725D10FF600FAB218 /* Build configuration list for PBXNativeTarget "HeaderTableView" */;
			buildPhases = (
				BD8F8E3F25D10FF500FAB218 /* Sources */,
				BD8F8E4025D10FF500FAB218 /* Frameworks */,
				BD8F8E4125D10FF500FAB218 /* Resources */,
			);
			buildRules = (
			);
			dependencies = (
			);
			name = HeaderTableView;
			productName = HeaderTableView;
			productReference = BD8F8E4325D10FF500FAB218 /* HeaderTableView.app */;
			productType = "com.apple.product-type.application";
		};
/* End PBXNativeTarget section */

/* Begin PBXProject section */
		BD8F8E3B25D10FF500FAB218 /* Project object */ = {
			isa = PBXProject;
			attributes = {
				LastSwiftUpdateCheck = 1240;
				LastUpgradeCheck = 1240;
				TargetAttributes = {
					BD8F8E4225D10FF500FAB218 = {
						CreatedOnToolsVersion = 12.4;
					};
				};
			};
			buildConfigurationList = BD8F8E3E25D10FF500FAB218 /* Build configuration list for PBXProject "HeaderTableView" */;
			compatibilityVersion = "Xcode 9.3";
			developmentRegion = en;
			hasScannedForEncodings = 0;
			knownRegions = (
				en,
				Base,
			);
			mainGroup = BD8F8E3A25D10FF500FAB218;
			productRefGroup = BD8F8E4425D10FF500FAB218 /* Products */;
			projectDirPath = "";
			projectRoot = "";
			targets = (
				BD8F8E4225D10FF500FAB218 /* HeaderTableView */,
			);
		};
/* End PBXProject section */

/* Begin PBXResourcesBuildPhase section */
		BD8F8E4125D10FF500FAB218 /* Resources */ = {
			isa = PBXResourcesBuildPhase;
			buildActionMask = 2147483647;
			files = (
				BD160B6F25D1139900CC3D5F /* ListHeaderTVCell.xib in Resources */,
				BD8F8E5325D10FF600FAB218 /* LaunchScreen.storyboard in Resources */,
				BD160B7625D116A500CC3D5F /* ListTVCell.xib in Resources */,
				BD8F8E5025D10FF600FAB218 /* Assets.xcassets in Resources */,
				BD8F8E4E25D10FF500FAB218 /* Main.storyboard in Resources */,
				BDE990C525D13B41005E7DC7 /* Contents.json in Resources */,
			);
			runOnlyForDeploymentPostprocessing = 0;
		};
/* End PBXResourcesBuildPhase section */

/* Begin PBXSourcesBuildPhase section */
		BD8F8E3F25D10FF500FAB218 /* Sources */ = {
			isa = PBXSourcesBuildPhase;
			buildActionMask = 2147483647;
			files = (
				BD160B6E25D1139900CC3D5F /* ListHeaderTVCell.swift in Sources */,
				BD160B7525D116A500CC3D5F /* ListTVCell.swift in Sources */,
				BDE990C825D13BA8005E7DC7 /* JsonManager.swift in Sources */,
				BD8F8E6B25D1130D00FAB218 /* ListTableViewVC.swift in Sources */,
				BDE990CB25D13C39005E7DC7 /* ContentsModel.swift in Sources */,
				BD8F8E4725D10FF500FAB218 /* AppDelegate.swift in Sources */,
				BD160B8625D1177700CC3D5F /* ViewExtensions.swift in Sources */,
				BD8F8E4925D10FF500FAB218 /* SceneDelegate.swift in Sources */,
			);
			runOnlyForDeploymentPostprocessing = 0;
		};
/* End PBXSourcesBuildPhase section */

/* Begin PBXVariantGroup section */
		BD8F8E4C25D10FF500FAB218 /* Main.storyboard */ = {
			isa = PBXVariantGroup;
			children = (
				BD8F8E4D25D10FF500FAB218 /* Base */,
			);
			name = Main.storyboard;
			sourceTree = "<group>";
		};
		BD8F8E5125D10FF600FAB218 /* LaunchScreen.storyboard */ = {
			isa = PBXVariantGroup;
			children = (
				BD8F8E5225D10FF600FAB218 /* Base */,
			);
			name = LaunchScreen.storyboard;
			sourceTree = "<group>";
		};
/* End PBXVariantGroup section */

/* Begin XCBuildConfiguration section */
		BD8F8E5525D10FF600FAB218 /* Debug */ = {
			isa = XCBuildConfiguration;
			buildSettings = {
				ALWAYS_SEARCH_USER_PATHS = NO;
				CLANG_ANALYZER_NONNULL = YES;
				CLANG_ANALYZER_NUMBER_OBJECT_CONVERSION = YES_AGGRESSIVE;
				CLANG_CXX_LANGUAGE_STANDARD = "gnu++14";
				CLANG_CXX_LIBRARY = "libc++";
				CLANG_ENABLE_MODULES = YES;
				CLANG_ENABLE_OBJC_ARC = YES;
				CLANG_ENABLE_OBJC_WEAK = YES;
				CLANG_WARN_BLOCK_CAPTURE_AUTORELEASING = YES;
				CLANG_WARN_BOOL_CONVERSION = YES;
				CLANG_WARN_COMMA = YES;
				CLANG_WARN_CONSTANT_CONVERSION = YES;
				CLANG_WARN_DEPRECATED_OBJC_IMPLEMENTATIONS = YES;
				CLANG_WARN_DIRECT_OBJC_ISA_USAGE = YES_ERROR;
				CLANG_WARN_DOCUMENTATION_COMMENTS = YES;
				CLANG_WARN_EMPTY_BODY = YES;
				CLANG_WARN_ENUM_CONVERSION = YES;
				CLANG_WARN_INFINITE_RECURSION = YES;
				CLANG_WARN_INT_CONVERSION = YES;
				CLANG_WARN_NON_LITERAL_NULL_CONVERSION = YES;
				CLANG_WARN_OBJC_IMPLICIT_RETAIN_SELF = YES;
				CLANG_WARN_OBJC_LITERAL_CONVERSION = YES;
				CLANG_WARN_OBJC_ROOT_CLASS = YES_ERROR;
				CLANG_WARN_QUOTED_INCLUDE_IN_FRAMEWORK_HEADER = YES;
				CLANG_WARN_RANGE_LOOP_ANALYSIS = YES;
				CLANG_WARN_STRICT_PROTOTYPES = YES;
				CLANG_WARN_SUSPICIOUS_MOVE = YES;
				CLANG_WARN_UNGUARDED_AVAILABILITY = YES_AGGRESSIVE;
				CLANG_WARN_UNREACHABLE_CODE = YES;
				CLANG_WARN__DUPLICATE_METHOD_MATCH = YES;
				COPY_PHASE_STRIP = NO;
				DEBUG_INFORMATION_FORMAT = dwarf;
				ENABLE_STRICT_OBJC_MSGSEND = YES;
				ENABLE_TESTABILITY = YES;
				GCC_C_LANGUAGE_STANDARD = gnu11;
				GCC_DYNAMIC_NO_PIC = NO;
				GCC_NO_COMMON_BLOCKS = YES;
				GCC_OPTIMIZATION_LEVEL = 0;
				GCC_PREPROCESSOR_DEFINITIONS = (
					"DEBUG=1",
					"$(inherited)",
				);
				GCC_WARN_64_TO_32_BIT_CONVERSION = YES;
				GCC_WARN_ABOUT_RETURN_TYPE = YES_ERROR;
				GCC_WARN_UNDECLARED_SELECTOR = YES;
				GCC_WARN_UNINITIALIZED_AUTOS = YES_AGGRESSIVE;
				GCC_WARN_UNUSED_FUNCTION = YES;
				GCC_WARN_UNUSED_VARIABLE = YES;
				IPHONEOS_DEPLOYMENT_TARGET = 14.4;
				MTL_ENABLE_DEBUG_INFO = INCLUDE_SOURCE;
				MTL_FAST_MATH = YES;
				ONLY_ACTIVE_ARCH = YES;
				SDKROOT = iphoneos;
				SWIFT_ACTIVE_COMPILATION_CONDITIONS = DEBUG;
				SWIFT_OPTIMIZATION_LEVEL = "-Onone";
			};
			name = Debug;
		};
		BD8F8E5625D10FF600FAB218 /* Release */ = {
			isa = XCBuildConfiguration;
			buildSettings = {
				ALWAYS_SEARCH_USER_PATHS = NO;
				CLANG_ANALYZER_NONNULL = YES;
				CLANG_ANALYZER_NUMBER_OBJECT_CONVERSION = YES_AGGRESSIVE;
				CLANG_CXX_LANGUAGE_STANDARD = "gnu++14";
				CLANG_CXX_LIBRARY = "libc++";
				CLANG_ENABLE_MODULES = YES;
				CLANG_ENABLE_OBJC_ARC = YES;
				CLANG_ENABLE_OBJC_WEAK = YES;
				CLANG_WARN_BLOCK_CAPTURE_AUTORELEASING = YES;
				CLANG_WARN_BOOL_CONVERSION = YES;
				CLANG_WARN_COMMA = YES;
				CLANG_WARN_CONSTANT_CONVERSION = YES;
				CLANG_WARN_DEPRECATED_OBJC_IMPLEMENTATIONS = YES;
				CLANG_WARN_DIRECT_OBJC_ISA_USAGE = YES_ERROR;
				CLANG_WARN_DOCUMENTATION_COMMENTS = YES;
				CLANG_WARN_EMPTY_BODY = YES;
				CLANG_WARN_ENUM_CONVERSION = YES;
				CLANG_WARN_INFINITE_RECURSION = YES;
				CLANG_WARN_INT_CONVERSION = YES;
				CLANG_WARN_NON_LITERAL_NULL_CONVERSION = YES;
				CLANG_WARN_OBJC_IMPLICIT_RETAIN_SELF = YES;
				CLANG_WARN_OBJC_LITERAL_CONVERSION = YES;
				CLANG_WARN_OBJC_ROOT_CLASS = YES_ERROR;
				CLANG_WARN_QUOTED_INCLUDE_IN_FRAMEWORK_HEADER = YES;
				CLANG_WARN_RANGE_LOOP_ANALYSIS = YES;
				CLANG_WARN_STRICT_PROTOTYPES = YES;
				CLANG_WARN_SUSPICIOUS_MOVE = YES;
				CLANG_WARN_UNGUARDED_AVAILABILITY = YES_AGGRESSIVE;
				CLANG_WARN_UNREACHABLE_CODE = YES;
				CLANG_WARN__DUPLICATE_METHOD_MATCH = YES;
				COPY_PHASE_STRIP = NO;
				DEBUG_INFORMATION_FORMAT = "dwarf-with-dsym";
				ENABLE_NS_ASSERTIONS = NO;
				ENABLE_STRICT_OBJC_MSGSEND = YES;
				GCC_C_LANGUAGE_STANDARD = gnu11;
				GCC_NO_COMMON_BLOCKS = YES;
				GCC_WARN_64_TO_32_BIT_CONVERSION = YES;
				GCC_WARN_ABOUT_RETURN_TYPE = YES_ERROR;
				GCC_WARN_UNDECLARED_SELECTOR = YES;
				GCC_WARN_UNINITIALIZED_AUTOS = YES_AGGRESSIVE;
				GCC_WARN_UNUSED_FUNCTION = YES;
				GCC_WARN_UNUSED_VARIABLE = YES;
				IPHONEOS_DEPLOYMENT_TARGET = 14.4;
				MTL_ENABLE_DEBUG_INFO = NO;
				MTL_FAST_MATH = YES;
				SDKROOT = iphoneos;
				SWIFT_COMPILATION_MODE = wholemodule;
				SWIFT_OPTIMIZATION_LEVEL = "-O";
				VALIDATE_PRODUCT = YES;
			};
			name = Release;
		};
		BD8F8E5825D10FF600FAB218 /* Debug */ = {
			isa = XCBuildConfiguration;
			buildSettings = {
				ASSETCATALOG_COMPILER_APPICON_NAME = AppIcon;
				ASSETCATALOG_COMPILER_GLOBAL_ACCENT_COLOR_NAME = AccentColor;
				CODE_SIGN_STYLE = Automatic;
				INFOPLIST_FILE = HeaderTableView/Info.plist;
				LD_RUNPATH_SEARCH_PATHS = (
					"$(inherited)",
					"@executable_path/Frameworks",
				);
				PRODUCT_BUNDLE_IDENTIFIER = com.dineshReddyGit.HeaderTableView;
				PRODUCT_NAME = "$(TARGET_NAME)";
				SWIFT_VERSION = 5.0;
				TARGETED_DEVICE_FAMILY = "1,2";
			};
			name = Debug;
		};
		BD8F8E5925D10FF600FAB218 /* Release */ = {
			isa = XCBuildConfiguration;
			buildSettings = {
				ASSETCATALOG_COMPILER_APPICON_NAME = AppIcon;
				ASSETCATALOG_COMPILER_GLOBAL_ACCENT_COLOR_NAME = AccentColor;
				CODE_SIGN_STYLE = Automatic;
				INFOPLIST_FILE = HeaderTableView/Info.plist;
				LD_RUNPATH_SEARCH_PATHS = (
					"$(inherited)",
					"@executable_path/Frameworks",
				);
				PRODUCT_BUNDLE_IDENTIFIER = com.dineshReddyGit.HeaderTableView;
				PRODUCT_NAME = "$(TARGET_NAME)";
				SWIFT_VERSION = 5.0;
				TARGETED_DEVICE_FAMILY = "1,2";
			};
			name = Release;
		};
/* End XCBuildConfiguration section */

/* Begin XCConfigurationList section */
		BD8F8E3E25D10FF500FAB218 /* Build configuration list for PBXProject "HeaderTableView" */ = {
			isa = XCConfigurationList;
			buildConfigurations = (
				BD8F8E5525D10FF600FAB218 /* Debug */,
				BD8F8E5625D10FF600FAB218 /* Release */,
			);
			defaultConfigurationIsVisible = 0;
			defaultConfigurationName = Release;
		};
		BD8F8E5725D10FF600FAB218 /* Build configuration list for PBXNativeTarget "HeaderTableView" */ = {
			isa = XCConfigurationList;
			buildConfigurations = (
				BD8F8E5825D10FF600FAB218 /* Debug */,
				BD8F8E5925D10FF600FAB218 /* Release */,
			);
			defaultConfigurationIsVisible = 0;
			defaultConfigurationName = Release;
		};
/* End XCConfigurationList section */
	};
	rootObject = BD8F8E3B25D10FF500FAB218 /* Project object */;
}
